
Microsoft Visual Studio Solution File, Format Version 12.00
# Visual Studio Version 16
VisualStudioVersion = 16.0.31112.23
MinimumVisualStudioVersion = 10.0.40219.1
Project("{2150E333-8FDC-42A3-9474-1A3956D46DE8}") = "Domain", "Domain", "{BB9762D1-44FB-4060-811F-0A21D19BF804}"
EndProject
Project("{2150E333-8FDC-42A3-9474-1A3956D46DE8}") = "Microservices", "Microservices", "{FDD89B0D-ED00-4FCD-82F3-8EC6A3F82BD6}"
EndProject
Project("{2150E333-8FDC-42A3-9474-1A3956D46DE8}") = "Infra.Bus", "Infra.Bus", "{5F8994FB-A3CD-4AB5-B41C-D1BA362C406C}"
EndProject
Project("{2150E333-8FDC-42A3-9474-1A3956D46DE8}") = "Infra.IOC", "Infra.IOC", "{DAEE9969-8C36-4989-8D96-36F99964856C}"
EndProject
Project("{2150E333-8FDC-42A3-9474-1A3956D46DE8}") = "Presentation", "Presentation", "{28FEFA50-1928-4FC0-9280-E02569298A6A}"
EndProject
Project("{FAE04EC0-301F-11D3-BF4B-00C04F79EFBC}") = "MicroRabbit.Domain.Core", "MicroRabbit.Domain.Core\MicroRabbit.Domain.Core.csproj", "{1A190425-7D70-433B-9533-4D723985C31A}"
EndProject
Project("{FAE04EC0-301F-11D3-BF4B-00C04F79EFBC}") = "MicroRabbit.Infra.Bus", "MicroRabbit.Infra.Bus\MicroRabbit.Infra.Bus.csproj", "{CA0239C9-DF3E-416E-BBA1-5E6E5BDC0270}"
EndProject
Project("{FAE04EC0-301F-11D3-BF4B-00C04F79EFBC}") = "MicroRabbit.Infra.IOC", "MicroRabbit.Infra.IOC\MicroRabbit.Infra.IOC.csproj", "{18EBE14B-E83A-49CD-B117-CDB3D7DC0024}"
EndProject
Project("{2150E333-8FDC-42A3-9474-1A3956D46DE8}") = "Banking", "Banking", "{3506CDFB-A999-4B63-B04E-580EA7220344}"
EndProject
Project("{2150E333-8FDC-42A3-9474-1A3956D46DE8}") = "Api", "Api", "{70C79E18-6738-4B54-AFB1-981F5B0C1564}"
EndProject
Project("{2150E333-8FDC-42A3-9474-1A3956D46DE8}") = "Domain", "Domain", "{B3364A20-5150-4BEB-8013-E5F97CB525A6}"
EndProject
Project("{2150E333-8FDC-42A3-9474-1A3956D46DE8}") = "Application", "Application", "{A257CD51-15AA-492A-BD16-9F2BC6118922}"
EndProject
Project("{2150E333-8FDC-42A3-9474-1A3956D46DE8}") = "Data", "Data", "{BD73C9B9-752F-459A-80FB-956370024714}"
EndProject
Project("{FAE04EC0-301F-11D3-BF4B-00C04F79EFBC}") = "MicroRabbit.Banking.Api", "MicroRabbit.Banking.Api\MicroRabbit.Banking.Api.csproj", "{7916A8A6-B76F-4286-AAFB-90463BA5FFB2}"
EndProject
Project("{FAE04EC0-301F-11D3-BF4B-00C04F79EFBC}") = "MicroRabbit.Banking.Application", "MicroRabbit.Banking.Application\MicroRabbit.Banking.Application.csproj", "{74DEDD62-0BD0-4CCC-BBCF-D8504E86B80D}"
EndProject
Project("{FAE04EC0-301F-11D3-BF4B-00C04F79EFBC}") = "MicroRabbit.Banking.Data", "MicroRabbit.Banking.Data\MicroRabbit.Banking.Data.csproj", "{E0F83128-45CF-44EE-B807-0AD41D255C46}"
EndProject
Project("{FAE04EC0-301F-11D3-BF4B-00C04F79EFBC}") = "MicroRabbit.Banking.Domain", "MicroRabbit.Banking.Domain\MicroRabbit.Banking.Domain.csproj", "{C4A8BD7A-FF6D-482E-B6FE-F30BD83324D1}"
EndProject
Global
	GlobalSection(SolutionConfigurationPlatforms) = preSolution
		Debug|Any CPU = Debug|Any CPU
		Release|Any CPU = Release|Any CPU
	EndGlobalSection
	GlobalSection(ProjectConfigurationPlatforms) = postSolution
		{1A190425-7D70-433B-9533-4D723985C31A}.Debug|Any CPU.ActiveCfg = Debug|Any CPU
		{1A190425-7D70-433B-9533-4D723985C31A}.Debug|Any CPU.Build.0 = Debug|Any CPU
		{1A190425-7D70-433B-9533-4D723985C31A}.Release|Any CPU.ActiveCfg = Release|Any CPU
		{1A190425-7D70-433B-9533-4D723985C31A}.Release|Any CPU.Build.0 = Release|Any CPU
		{CA0239C9-DF3E-416E-BBA1-5E6E5BDC0270}.Debug|Any CPU.ActiveCfg = Debug|Any CPU
		{CA0239C9-DF3E-416E-BBA1-5E6E5BDC0270}.Debug|Any CPU.Build.0 = Debug|Any CPU
		{CA0239C9-DF3E-416E-BBA1-5E6E5BDC0270}.Release|Any CPU.ActiveCfg = Release|Any CPU
		{CA0239C9-DF3E-416E-BBA1-5E6E5BDC0270}.Release|Any CPU.Build.0 = Release|Any CPU
		{18EBE14B-E83A-49CD-B117-CDB3D7DC0024}.Debug|Any CPU.ActiveCfg = Debug|Any CPU
		{18EBE14B-E83A-49CD-B117-CDB3D7DC0024}.Debug|Any CPU.Build.0 = Debug|Any CPU
		{18EBE14B-E83A-49CD-B117-CDB3D7DC0024}.Release|Any CPU.ActiveCfg = Release|Any CPU
		{18EBE14B-E83A-49CD-B117-CDB3D7DC0024}.Release|Any CPU.Build.0 = Release|Any CPU
		{7916A8A6-B76F-4286-AAFB-90463BA5FFB2}.Debug|Any CPU.ActiveCfg = Debug|Any CPU
		{7916A8A6-B76F-4286-AAFB-90463BA5FFB2}.Debug|Any CPU.Build.0 = Debug|Any CPU
		{7916A8A6-B76F-4286-AAFB-90463BA5FFB2}.Release|Any CPU.ActiveCfg = Release|Any CPU
		{7916A8A6-B76F-4286-AAFB-90463BA5FFB2}.Release|Any CPU.Build.0 = Release|Any CPU
		{74DEDD62-0BD0-4CCC-BBCF-D8504E86B80D}.Debug|Any CPU.ActiveCfg = Debug|Any CPU
		{74DEDD62-0BD0-4CCC-BBCF-D8504E86B80D}.Debug|Any CPU.Build.0 = Debug|Any CPU
		{74DEDD62-0BD0-4CCC-BBCF-D8504E86B80D}.Release|Any CPU.ActiveCfg = Release|Any CPU
		{74DEDD62-0BD0-4CCC-BBCF-D8504E86B80D}.Release|Any CPU.Build.0 = Release|Any CPU
		{E0F83128-45CF-44EE-B807-0AD41D255C46}.Debug|Any CPU.ActiveCfg = Debug|Any CPU
		{E0F83128-45CF-44EE-B807-0AD41D255C46}.Debug|Any CPU.Build.0 = Debug|Any CPU
		{E0F83128-45CF-44EE-B807-0AD41D255C46}.Release|Any CPU.ActiveCfg = Release|Any CPU
		{E0F83128-45CF-44EE-B807-0AD41D255C46}.Release|Any CPU.Build.0 = Release|Any CPU
		{C4A8BD7A-FF6D-482E-B6FE-F30BD83324D1}.Debug|Any CPU.ActiveCfg = Debug|Any CPU
		{C4A8BD7A-FF6D-482E-B6FE-F30BD83324D1}.Debug|Any CPU.Build.0 = Debug|Any CPU
		{C4A8BD7A-FF6D-482E-B6FE-F30BD83324D1}.Release|Any CPU.ActiveCfg = Release|Any CPU
		{C4A8BD7A-FF6D-482E-B6FE-F30BD83324D1}.Release|Any CPU.Build.0 = Release|Any CPU
	EndGlobalSection
	GlobalSection(SolutionProperties) = preSolution
		HideSolutionNode = FALSE
	EndGlobalSection
	GlobalSection(NestedProjects) = preSolution
		{1A190425-7D70-433B-9533-4D723985C31A} = {BB9762D1-44FB-4060-811F-0A21D19BF804}
		{CA0239C9-DF3E-416E-BBA1-5E6E5BDC0270} = {5F8994FB-A3CD-4AB5-B41C-D1BA362C406C}
		{18EBE14B-E83A-49CD-B117-CDB3D7DC0024} = {DAEE9969-8C36-4989-8D96-36F99964856C}
		{3506CDFB-A999-4B63-B04E-580EA7220344} = {FDD89B0D-ED00-4FCD-82F3-8EC6A3F82BD6}
		{70C79E18-6738-4B54-AFB1-981F5B0C1564} = {3506CDFB-A999-4B63-B04E-580EA7220344}
		{B3364A20-5150-4BEB-8013-E5F97CB525A6} = {3506CDFB-A999-4B63-B04E-580EA7220344}
		{A257CD51-15AA-492A-BD16-9F2BC6118922} = {3506CDFB-A999-4B63-B04E-580EA7220344}
		{BD73C9B9-752F-459A-80FB-956370024714} = {3506CDFB-A999-4B63-B04E-580EA7220344}
		{7916A8A6-B76F-4286-AAFB-90463BA5FFB2} = {70C79E18-6738-4B54-AFB1-981F5B0C1564}
		{74DEDD62-0BD0-4CCC-BBCF-D8504E86B80D} = {A257CD51-15AA-492A-BD16-9F2BC6118922}
		{E0F83128-45CF-44EE-B807-0AD41D255C46} = {BD73C9B9-752F-459A-80FB-956370024714}
		{C4A8BD7A-FF6D-482E-B6FE-F30BD83324D1} = {B3364A20-5150-4BEB-8013-E5F97CB525A6}
	EndGlobalSection
	GlobalSection(ExtensibilityGlobals) = postSolution
		SolutionGuid = {995442E8-6C5C-4258-B3C8-5364A30E6580}
	EndGlobalSection
EndGlobal
